
Microsoft Visual Studio Solution File, Format Version 12.00
# Visual Studio Version 17
VisualStudioVersion = 17.0.31903.59
MinimumVisualStudioVersion = 10.0.40219.1
Project("{2150E333-8FDC-42A3-9474-1A3956D46DE8}") = "src", "src", "{8AF824C6-5A21-4F85-B5C2-120876427FED}"
EndProject
Project("{FAE04EC0-301F-11D3-BF4B-00C04F79EFBC}") = "OzonRoute.Api", "src\OzonRoute.Api\OzonRoute.Api.csproj", "{0232D04C-7E1B-4865-B8F3-215A0A9FE9D9}"
EndProject
Project("{FAE04EC0-301F-11D3-BF4B-00C04F79EFBC}") = "OzonRoute.Domain", "src\OzonRoute.Domain\OzonRoute.Domain.csproj", "{30072688-C15C-4DE5-804D-2F6352897282}"
EndProject
Project("{FAE04EC0-301F-11D3-BF4B-00C04F79EFBC}") = "OzonRoute.Infrastructure", "src\OzonRoute.Infrastructure\OzonRoute.Infrastructure.csproj", "{64C7C952-CBD8-4DEB-9E98-E711C8B3FABC}"
EndProject
Project("{FAE04EC0-301F-11D3-BF4B-00C04F79EFBC}") = "OzonRoute.Domain.DependencyInjection.Extensions", "src\OzonRoute.Domain.DependencyInjection.Extensions\OzonRoute.Domain.DependencyInjection.Extensions.csproj", "{C2B9C2A3-E60F-48C5-94F1-3A4C277C0A2A}"
EndProject
Global
	GlobalSection(SolutionConfigurationPlatforms) = preSolution
		Debug|Any CPU = Debug|Any CPU
		Release|Any CPU = Release|Any CPU
	EndGlobalSection
	GlobalSection(SolutionProperties) = preSolution
		HideSolutionNode = FALSE
	EndGlobalSection
	GlobalSection(ProjectConfigurationPlatforms) = postSolution
		{0232D04C-7E1B-4865-B8F3-215A0A9FE9D9}.Debug|Any CPU.ActiveCfg = Debug|Any CPU
		{0232D04C-7E1B-4865-B8F3-215A0A9FE9D9}.Debug|Any CPU.Build.0 = Debug|Any CPU
		{0232D04C-7E1B-4865-B8F3-215A0A9FE9D9}.Release|Any CPU.ActiveCfg = Release|Any CPU
		{0232D04C-7E1B-4865-B8F3-215A0A9FE9D9}.Release|Any CPU.Build.0 = Release|Any CPU
		{30072688-C15C-4DE5-804D-2F6352897282}.Debug|Any CPU.ActiveCfg = Debug|Any CPU
		{30072688-C15C-4DE5-804D-2F6352897282}.Debug|Any CPU.Build.0 = Debug|Any CPU
		{30072688-C15C-4DE5-804D-2F6352897282}.Release|Any CPU.ActiveCfg = Release|Any CPU
		{30072688-C15C-4DE5-804D-2F6352897282}.Release|Any CPU.Build.0 = Release|Any CPU
		{64C7C952-CBD8-4DEB-9E98-E711C8B3FABC}.Debug|Any CPU.ActiveCfg = Debug|Any CPU
		{64C7C952-CBD8-4DEB-9E98-E711C8B3FABC}.Debug|Any CPU.Build.0 = Debug|Any CPU
		{64C7C952-CBD8-4DEB-9E98-E711C8B3FABC}.Release|Any CPU.ActiveCfg = Release|Any CPU
		{64C7C952-CBD8-4DEB-9E98-E711C8B3FABC}.Release|Any CPU.Build.0 = Release|Any CPU
		{C2B9C2A3-E60F-48C5-94F1-3A4C277C0A2A}.Debug|Any CPU.ActiveCfg = Debug|Any CPU
		{C2B9C2A3-E60F-48C5-94F1-3A4C277C0A2A}.Debug|Any CPU.Build.0 = Debug|Any CPU
		{C2B9C2A3-E60F-48C5-94F1-3A4C277C0A2A}.Release|Any CPU.ActiveCfg = Release|Any CPU
		{C2B9C2A3-E60F-48C5-94F1-3A4C277C0A2A}.Release|Any CPU.Build.0 = Release|Any CPU
	EndGlobalSection
	GlobalSection(NestedProjects) = preSolution
		{0232D04C-7E1B-4865-B8F3-215A0A9FE9D9} = {8AF824C6-5A21-4F85-B5C2-120876427FED}
		{30072688-C15C-4DE5-804D-2F6352897282} = {8AF824C6-5A21-4F85-B5C2-120876427FED}
		{64C7C952-CBD8-4DEB-9E98-E711C8B3FABC} = {8AF824C6-5A21-4F85-B5C2-120876427FED}
		{C2B9C2A3-E60F-48C5-94F1-3A4C277C0A2A} = {8AF824C6-5A21-4F85-B5C2-120876427FED}
	EndGlobalSection
EndGlobal
